
Microsoft Visual Studio Solution File, Format Version 12.00
# Visual Studio Version 16
VisualStudioVersion = 16.0.30907.101
MinimumVisualStudioVersion = 10.0.40219.1
Project("{2150E333-8FDC-42A3-9474-1A3956D46DE8}") = "CreationalDesignPatterns", "CreationalDesignPatterns", "{5BD3BE98-9C65-43F7-B8D2-7F6C37217665}"
EndProject
Project("{2150E333-8FDC-42A3-9474-1A3956D46DE8}") = "Singleton", "Singleton", "{F12605FD-D3A6-4C68-9505-EFA9EBA780CF}"
EndProject
Project("{FAE04EC0-301F-11D3-BF4B-00C04F79EFBC}") = "SingletonSample", "SingletonSample\SingletonSample.csproj", "{AC8E469E-6CD6-487F-9257-B0C213444F81}"
EndProject
Project("{2150E333-8FDC-42A3-9474-1A3956D46DE8}") = "Builder", "Builder", "{CE64C368-06B1-429B-9CA3-5986902A88A2}"
EndProject
Project("{FAE04EC0-301F-11D3-BF4B-00C04F79EFBC}") = "Builder", "Builder\Builder.csproj", "{F9A6141E-6EB9-4D27-B774-743AACFB5719}"
EndProject
Project("{2150E333-8FDC-42A3-9474-1A3956D46DE8}") = "FactoryMethod", "FactoryMethod", "{5356661B-9381-4B9E-A72E-46C153DCD0FB}"
EndProject
Project("{FAE04EC0-301F-11D3-BF4B-00C04F79EFBC}") = "FactoryMethod", "FactoryMethod\FactoryMethod.csproj", "{E4D75D06-4300-45D4-BB49-DBB074022C9F}"
EndProject
Project("{2150E333-8FDC-42A3-9474-1A3956D46DE8}") = "StructuralDesignPatterns", "StructuralDesignPatterns", "{43FAFBD2-4150-4EC3-954E-BCE920C8E224}"
EndProject
Project("{2150E333-8FDC-42A3-9474-1A3956D46DE8}") = "Decorator", "Decorator", "{B476F8AE-FF9C-4F22-9777-57C4578711B7}"
EndProject
Project("{FAE04EC0-301F-11D3-BF4B-00C04F79EFBC}") = "Decorator", "Decorator\Decorator.csproj", "{1548D47F-EB6E-43B6-B151-669A160223F1}"
EndProject
Project("{2150E333-8FDC-42A3-9474-1A3956D46DE8}") = "Adapter", "Adapter", "{0214F9A8-0C5A-49D1-BA29-1278AFBC7751}"
EndProject
Project("{FAE04EC0-301F-11D3-BF4B-00C04F79EFBC}") = "Adapter", "Adapter\Adapter.csproj", "{276260A5-7425-45AB-9495-1F1CF547E85F}"
EndProject
Project("{2150E333-8FDC-42A3-9474-1A3956D46DE8}") = "Bridge", "Bridge", "{1572ECC5-0670-4AB7-8F96-F580E636A509}"
EndProject
Project("{FAE04EC0-301F-11D3-BF4B-00C04F79EFBC}") = "Bridge", "Bridge\Bridge.csproj", "{350B4F2D-8135-4950-91A5-CD332D27F81B}"
EndProject
Project("{2150E333-8FDC-42A3-9474-1A3956D46DE8}") = "BehavioralDesignPatterns", "BehavioralDesignPatterns", "{59F4FCBE-AF9C-43FE-A924-9E48A9A92F1E}"
EndProject
Project("{2150E333-8FDC-42A3-9474-1A3956D46DE8}") = "ChainOfResponsibility", "ChainOfResponsibility", "{2F541825-D703-4635-A540-E7C604ACFA58}"
EndProject
Project("{FAE04EC0-301F-11D3-BF4B-00C04F79EFBC}") = "ChainOfResponsibility", "ChainOfResponsibility\ChainOfResponsibility.csproj", "{7FEF79B6-E8AB-4F67-8D9F-6EADB252389B}"
EndProject
Project("{2150E333-8FDC-42A3-9474-1A3956D46DE8}") = "Mediator", "Mediator", "{5EB60C82-60B2-448C-9664-F5555494AEDD}"
EndProject
Project("{FAE04EC0-301F-11D3-BF4B-00C04F79EFBC}") = "Mediator", "Mediator\Mediator.csproj", "{3C95CE1B-A4B1-43BB-8378-7A9F6E827575}"
EndProject
Project("{2150E333-8FDC-42A3-9474-1A3956D46DE8}") = "Observer", "Observer", "{D754C43C-1EB5-43F9-97B8-DECDF5886640}"
EndProject
Project("{FAE04EC0-301F-11D3-BF4B-00C04F79EFBC}") = "Observer", "Observer\Observer.csproj", "{CDC46326-74BF-4759-BD56-4C4C472DF013}"
EndProject
Global
	GlobalSection(SolutionConfigurationPlatforms) = preSolution
		Debug|Any CPU = Debug|Any CPU
		Release|Any CPU = Release|Any CPU
	EndGlobalSection
	GlobalSection(ProjectConfigurationPlatforms) = postSolution
		{AC8E469E-6CD6-487F-9257-B0C213444F81}.Debug|Any CPU.ActiveCfg = Debug|Any CPU
		{AC8E469E-6CD6-487F-9257-B0C213444F81}.Debug|Any CPU.Build.0 = Debug|Any CPU
		{AC8E469E-6CD6-487F-9257-B0C213444F81}.Release|Any CPU.ActiveCfg = Release|Any CPU
		{AC8E469E-6CD6-487F-9257-B0C213444F81}.Release|Any CPU.Build.0 = Release|Any CPU
		{F9A6141E-6EB9-4D27-B774-743AACFB5719}.Debug|Any CPU.ActiveCfg = Debug|Any CPU
		{F9A6141E-6EB9-4D27-B774-743AACFB5719}.Debug|Any CPU.Build.0 = Debug|Any CPU
		{F9A6141E-6EB9-4D27-B774-743AACFB5719}.Release|Any CPU.ActiveCfg = Release|Any CPU
		{F9A6141E-6EB9-4D27-B774-743AACFB5719}.Release|Any CPU.Build.0 = Release|Any CPU
		{E4D75D06-4300-45D4-BB49-DBB074022C9F}.Debug|Any CPU.ActiveCfg = Debug|Any CPU
		{E4D75D06-4300-45D4-BB49-DBB074022C9F}.Debug|Any CPU.Build.0 = Debug|Any CPU
		{E4D75D06-4300-45D4-BB49-DBB074022C9F}.Release|Any CPU.ActiveCfg = Release|Any CPU
		{E4D75D06-4300-45D4-BB49-DBB074022C9F}.Release|Any CPU.Build.0 = Release|Any CPU
		{1548D47F-EB6E-43B6-B151-669A160223F1}.Debug|Any CPU.ActiveCfg = Debug|Any CPU
		{1548D47F-EB6E-43B6-B151-669A160223F1}.Debug|Any CPU.Build.0 = Debug|Any CPU
		{1548D47F-EB6E-43B6-B151-669A160223F1}.Release|Any CPU.ActiveCfg = Release|Any CPU
		{1548D47F-EB6E-43B6-B151-669A160223F1}.Release|Any CPU.Build.0 = Release|Any CPU
		{276260A5-7425-45AB-9495-1F1CF547E85F}.Debug|Any CPU.ActiveCfg = Debug|Any CPU
		{276260A5-7425-45AB-9495-1F1CF547E85F}.Debug|Any CPU.Build.0 = Debug|Any CPU
		{276260A5-7425-45AB-9495-1F1CF547E85F}.Release|Any CPU.ActiveCfg = Release|Any CPU
		{276260A5-7425-45AB-9495-1F1CF547E85F}.Release|Any CPU.Build.0 = Release|Any CPU
		{350B4F2D-8135-4950-91A5-CD332D27F81B}.Debug|Any CPU.ActiveCfg = Debug|Any CPU
		{350B4F2D-8135-4950-91A5-CD332D27F81B}.Debug|Any CPU.Build.0 = Debug|Any CPU
		{350B4F2D-8135-4950-91A5-CD332D27F81B}.Release|Any CPU.ActiveCfg = Release|Any CPU
		{350B4F2D-8135-4950-91A5-CD332D27F81B}.Release|Any CPU.Build.0 = Release|Any CPU
		{7FEF79B6-E8AB-4F67-8D9F-6EADB252389B}.Debug|Any CPU.ActiveCfg = Debug|Any CPU
		{7FEF79B6-E8AB-4F67-8D9F-6EADB252389B}.Debug|Any CPU.Build.0 = Debug|Any CPU
		{7FEF79B6-E8AB-4F67-8D9F-6EADB252389B}.Release|Any CPU.ActiveCfg = Release|Any CPU
		{7FEF79B6-E8AB-4F67-8D9F-6EADB252389B}.Release|Any CPU.Build.0 = Release|Any CPU
		{3C95CE1B-A4B1-43BB-8378-7A9F6E827575}.Debug|Any CPU.ActiveCfg = Debug|Any CPU
		{3C95CE1B-A4B1-43BB-8378-7A9F6E827575}.Debug|Any CPU.Build.0 = Debug|Any CPU
		{3C95CE1B-A4B1-43BB-8378-7A9F6E827575}.Release|Any CPU.ActiveCfg = Release|Any CPU
		{3C95CE1B-A4B1-43BB-8378-7A9F6E827575}.Release|Any CPU.Build.0 = Release|Any CPU
		{CDC46326-74BF-4759-BD56-4C4C472DF013}.Debug|Any CPU.ActiveCfg = Debug|Any CPU
		{CDC46326-74BF-4759-BD56-4C4C472DF013}.Debug|Any CPU.Build.0 = Debug|Any CPU
		{CDC46326-74BF-4759-BD56-4C4C472DF013}.Release|Any CPU.ActiveCfg = Release|Any CPU
		{CDC46326-74BF-4759-BD56-4C4C472DF013}.Release|Any CPU.Build.0 = Release|Any CPU
	EndGlobalSection
	GlobalSection(SolutionProperties) = preSolution
		HideSolutionNode = FALSE
	EndGlobalSection
	GlobalSection(NestedProjects) = preSolution
		{F12605FD-D3A6-4C68-9505-EFA9EBA780CF} = {5BD3BE98-9C65-43F7-B8D2-7F6C37217665}
		{AC8E469E-6CD6-487F-9257-B0C213444F81} = {F12605FD-D3A6-4C68-9505-EFA9EBA780CF}
		{CE64C368-06B1-429B-9CA3-5986902A88A2} = {5BD3BE98-9C65-43F7-B8D2-7F6C37217665}
		{F9A6141E-6EB9-4D27-B774-743AACFB5719} = {CE64C368-06B1-429B-9CA3-5986902A88A2}
		{5356661B-9381-4B9E-A72E-46C153DCD0FB} = {5BD3BE98-9C65-43F7-B8D2-7F6C37217665}
		{E4D75D06-4300-45D4-BB49-DBB074022C9F} = {5356661B-9381-4B9E-A72E-46C153DCD0FB}
		{B476F8AE-FF9C-4F22-9777-57C4578711B7} = {43FAFBD2-4150-4EC3-954E-BCE920C8E224}
		{1548D47F-EB6E-43B6-B151-669A160223F1} = {B476F8AE-FF9C-4F22-9777-57C4578711B7}
		{0214F9A8-0C5A-49D1-BA29-1278AFBC7751} = {43FAFBD2-4150-4EC3-954E-BCE920C8E224}
		{276260A5-7425-45AB-9495-1F1CF547E85F} = {0214F9A8-0C5A-49D1-BA29-1278AFBC7751}
		{1572ECC5-0670-4AB7-8F96-F580E636A509} = {43FAFBD2-4150-4EC3-954E-BCE920C8E224}
		{350B4F2D-8135-4950-91A5-CD332D27F81B} = {1572ECC5-0670-4AB7-8F96-F580E636A509}
		{2F541825-D703-4635-A540-E7C604ACFA58} = {59F4FCBE-AF9C-43FE-A924-9E48A9A92F1E}
		{7FEF79B6-E8AB-4F67-8D9F-6EADB252389B} = {2F541825-D703-4635-A540-E7C604ACFA58}
		{5EB60C82-60B2-448C-9664-F5555494AEDD} = {59F4FCBE-AF9C-43FE-A924-9E48A9A92F1E}
		{3C95CE1B-A4B1-43BB-8378-7A9F6E827575} = {5EB60C82-60B2-448C-9664-F5555494AEDD}
		{D754C43C-1EB5-43F9-97B8-DECDF5886640} = {59F4FCBE-AF9C-43FE-A924-9E48A9A92F1E}
		{CDC46326-74BF-4759-BD56-4C4C472DF013} = {D754C43C-1EB5-43F9-97B8-DECDF5886640}
	EndGlobalSection
	GlobalSection(ExtensibilityGlobals) = postSolution
		SolutionGuid = {60A948B5-51B3-40A2-B610-12BBED5F3B04}
	EndGlobalSection
EndGlobal
